<?xml version="1.0" encoding="utf-8"?>
<Project ToolsVersion="4.0" xmlns="http://schemas.microsoft.com/developer/msbuild/2003">
  <ItemGroup>
    <Filter Include="Source Files">
      <UniqueIdentifier>{4FC737F1-C7A5-4376-A066-2A32D752A2FF}</UniqueIdentifier>
      <Extensions>cpp;c;cc;cxx;c++;cppm;ixx;def;odl;idl;hpj;bat;asm;asmx</Extensions>
    </Filter>
    <Filter Include="Header Files">
      <UniqueIdentifier>{93995380-89BD-4b04-88EB-625FBE52EBFB}</UniqueIdentifier>
      <Extensions>h;hh;hpp;hxx;h++;hm;inl;inc;ipp;xsd</Extensions>
    </Filter>
    <Filter Include="Resource Files">
      <UniqueIdentifier>{67DA6AB6-F800-4c08-8B7A-83BB121AAD01}</UniqueIdentifier>
      <Extensions>rc;ico;cur;bmp;dlg;rc2;rct;bin;rgs;gif;jpg;jpeg;jpe;resx;tiff;tif;png;wav;mfcribbon-ms</Extensions>
    </Filter>
  </ItemGroup>
  <ItemGroup>
    <ClInclude Include="framework.h">
      <Filter>Header Files</Filter>
    </ClInclude>
    <ClInclude Include="pch.h">
      <Filter>Header Files</Filter>
    </ClInclude>
    <ClInclude Include="src\animal.h">
      <Filter>Header Files</Filter>
    </ClInclude>
    <ClInclude Include="src\area.h">
      <Filter>Header Files</Filter>
    </ClInclude>
    <ClInclude Include="src\areaManager.h">
      <Filter>Header Files</Filter>
    </ClInclude>
    <ClInclude Include="src\elephant.h">
      <Filter>Header Files</Filter>
    </ClInclude>
    <ClInclude Include="src\giraffe.h">
      <Filter>Header Files</Filter>
    </ClInclude>
    <ClInclude Include="src\horse.h">
      <Filter>Header Files</Filter>
    </ClInclude>
    <ClInclude Include="src\keeper.h">
      <Filter>Header Files</Filter>
    </ClInclude>
    <ClInclude Include="src\lion.h">
      <Filter>Header Files</Filter>
    </ClInclude>
    <ClInclude Include="src\maintenanceWorker.h">
      <Filter>Header Files</Filter>
    </ClInclude>
    <ClInclude Include="src\myLinkedList.h">
      <Filter>Header Files</Filter>
    </ClInclude>
    <ClInclude Include="src\observerInterface.h">
      <Filter>Header Files</Filter>
    </ClInclude>
    <ClInclude Include="src\penguin.h">
      <Filter>Header Files</Filter>
    </ClInclude>
    <ClInclude Include="src\veterinarian.h">
      <Filter>Header Files</Filter>
    </ClInclude>
    <ClInclude Include="src\worker.h">
      <Filter>Header Files</Filter>
    </ClInclude>
    <ClInclude Include="src\zebra.h">
      <Filter>Header Files</Filter>
    </ClInclude>
    <ClInclude Include="src\zebroid.h">
      <Filter>Header Files</Filter>
    </ClInclude>
    <ClInclude Include="src\zoo.h">
      <Filter>Header Files</Filter>
    </ClInclude>
    <ClInclude Include="src\zooManager.h">
      <Filter>Header Files</Filter>
    </ClInclude>
  </ItemGroup>
  <ItemGroup>
    <ClCompile Include="dllmain.cpp">
      <Filter>Source Files</Filter>
    </ClCompile>
    <ClCompile Include="pch.cpp">
      <Filter>Source Files</Filter>
    </ClCompile>
    <ClCompile Include="src\animal.cpp">
      <Filter>Source Files</Filter>
    </ClCompile>
    <ClCompile Include="src\area.cpp">
      <Filter>Source Files</Filter>
    </ClCompile>
    <ClCompile Include="src\areaManager.cpp">
      <Filter>Source Files</Filter>
    </ClCompile>
    <ClCompile Include="src\elephant.cpp">
      <Filter>Source Files</Filter>
    </ClCompile>
    <ClCompile Include="src\giraffe.cpp">
      <Filter>Source Files</Filter>
    </ClCompile>
    <ClCompile Include="src\horse.cpp">
      <Filter>Source Files</Filter>
    </ClCompile>
    <ClCompile Include="src\keeper.cpp">
      <Filter>Source Files</Filter>
    </ClCompile>
    <ClCompile Include="src\lion.cpp">
      <Filter>Source Files</Filter>
    </ClCompile>
    <ClCompile Include="src\maintenanceWorker.cpp">
      <Filter>Source Files</Filter>
    </ClCompile>
    <ClCompile Include="src\penguin.cpp">
      <Filter>Source Files</Filter>
    </ClCompile>
    <ClCompile Include="src\veterinarian.cpp">
      <Filter>Source Files</Filter>
    </ClCompile>
    <ClCompile Include="src\worker.cpp">
      <Filter>Source Files</Filter>
    </ClCompile>
    <ClCompile Include="src\zebra.cpp">
      <Filter>Source Files</Filter>
    </ClCompile>
    <ClCompile Include="src\zebroid.cpp">
      <Filter>Source Files</Filter>
    </ClCompile>
    <ClCompile Include="src\zoo.cpp">
      <Filter>Source Files</Filter>
    </ClCompile>
    <ClCompile Include="src\zooManager.cpp">
      <Filter>Source Files</Filter>
    </ClCompile>
  </ItemGroup>
</Project>